// !$*UTF8*$!
{
	archiveVersion = 1;
	classes = {
	};
	objectVersion = 46;
	objects = {

/* Begin PBXBuildFile section */
		84BF2AA12071374F0091DFA7 /* main.m in Sources */ = {isa = PBXBuildFile; fileRef = 84BF2AA02071374F0091DFA7 /* main.m */; };
		84BF2AA42071374F0091DFA7 /* AppDelegate.m in Sources */ = {isa = PBXBuildFile; fileRef = 84BF2AA32071374F0091DFA7 /* AppDelegate.m */; };
		84BF2AA72071374F0091DFA7 /* ViewController.m in Sources */ = {isa = PBXBuildFile; fileRef = 84BF2AA62071374F0091DFA7 /* ViewController.m */; };
		84BF2AAA2071374F0091DFA7 /* Main.storyboard in Resources */ = {isa = PBXBuildFile; fileRef = 84BF2AA82071374F0091DFA7 /* Main.storyboard */; };
		84BF2AAC2071374F0091DFA7 /* Assets.xcassets in Resources */ = {isa = PBXBuildFile; fileRef = 84BF2AAB2071374F0091DFA7 /* Assets.xcassets */; };
		84BF2AAF2071374F0091DFA7 /* LaunchScreen.storyboard in Resources */ = {isa = PBXBuildFile; fileRef = 84BF2AAD2071374F0091DFA7 /* LaunchScreen.storyboard */; };
/* End PBXBuildFile section */

/* Begin PBXFileReference section */
		84BF2A9C2071374F0091DFA7 /* UITabBarController.app */ = {isa = PBXFileReference; explicitFileType = wrapper.application; includeInIndex = 0; path = UITabBarController.app; sourceTree = BUILT_PRODUCTS_DIR; };
		84BF2AA02071374F0091DFA7 /* main.m */ = {isa = PBXFileReference; lastKnownFileType = sourcecode.c.objc; path = main.m; sourceTree = "<group>"; };
		84BF2AA22071374F0091DFA7 /* AppDelegate.h */ = {isa = PBXFileReference; lastKnownFileType = sourcecode.c.h; path = AppDelegate.h; sourceTree = "<group>"; };
		84BF2AA32071374F0091DFA7 /* AppDelegate.m */ = {isa = PBXFileReference; lastKnownFileType = sourcecode.c.objc; path = AppDelegate.m; sourceTree = "<group>"; };
		84BF2AA52071374F0091DFA7 /* ViewController.h */ = {isa = PBXFileReference; lastKnownFileType = sourcecode.c.h; path = ViewController.h; sourceTree = "<group>"; };
		84BF2AA62071374F0091DFA7 /* ViewController.m */ = {isa = PBXFileReference; lastKnownFileType = sourcecode.c.objc; path = ViewController.m; sourceTree = "<group>"; };
		84BF2AA92071374F0091DFA7 /* Base */ = {isa = PBXFileReference; lastKnownFileType = file.storyboard; name = Base; path = Base.lproj/Main.storyboard; sourceTree = "<group>"; };
		84BF2AAB2071374F0091DFA7 /* Assets.xcassets */ = {isa = PBXFileReference; lastKnownFileType = folder.assetcatalog; path = Assets.xcassets; sourceTree = "<group>"; };
		84BF2AAE2071374F0091DFA7 /* Base */ = {isa = PBXFileReference; lastKnownFileType = file.storyboard; name = Base; path = Base.lproj/LaunchScreen.storyboard; sourceTree = "<group>"; };
		84BF2AB02071374F0091DFA7 /* Info.plist */ = {isa = PBXFileReference; lastKnownFileType = text.plist.xml; path = Info.plist; sourceTree = "<group>"; };
/* End PBXFileReference section */

/* Begin PBXFrameworksBuildPhase section */
		84BF2A992071374F0091DFA7 /* Frameworks */ = {
			isa = PBXFrameworksBuildPhase;
			buildActionMask = 2147483647;
			files = (
			);
			runOnlyForDeploymentPostprocessing = 0;
		};
/* End PBXFrameworksBuildPhase section */

/* Begin PBXGroup section */
		84BF2A932071374F0091DFA7 = {
			isa = PBXGroup;
			children = (
				84BF2A9E2071374F0091DFA7 /* UITabBarController */,
				84BF2A9D2071374F0091DFA7 /* Products */,
			);
			sourceTree = "<group>";
		};
		84BF2A9D2071374F0091DFA7 /* Products */ = {
			isa = PBXGroup;
			children = (
				84BF2A9C2071374F0091DFA7 /* UITabBarController.app */,
			);
			name = Products;
			sourceTree = "<group>";
		};
		84BF2A9E2071374F0091DFA7 /* UITabBarController */ = {
			isa = PBXGroup;
			children = (
				84BF2AA22071374F0091DFA7 /* AppDelegate.h */,
				84BF2AA32071374F0091DFA7 /* AppDelegate.m */,
				84BF2AA52071374F0091DFA7 /* ViewController.h */,
				84BF2AA62071374F0091DFA7 /* ViewController.m */,
				84BF2AA82071374F0091DFA7 /* Main.storyboard */,
				84BF2AAB2071374F0091DFA7 /* Assets.xcassets */,
				84BF2AAD2071374F0091DFA7 /* LaunchScreen.storyboard */,
				84BF2AB02071374F0091DFA7 /* Info.plist */,
				84BF2A9F2071374F0091DFA7 /* Supporting Files */,
			);
			path = UITabBarController;
			sourceTree = "<group>";
		};
		84BF2A9F2071374F0091DFA7 /* Supporting Files */ = {
			isa = PBXGroup;
			children = (
				84BF2AA02071374F0091DFA7 /* main.m */,
			);
			name = "Supporting Files";
			sourceTree = "<group>";
		};
/* End PBXGroup section */

/* Begin PBXNativeTarget section */
		84BF2A9B2071374F0091DFA7 /* UITabBarController */ = {
			isa = PBXNativeTarget;
			buildConfigurationList = 84BF2AB32071374F0091DFA7 /* Build configuration list for PBXNativeTarget "UITabBarController" */;
			buildPhases = (
				84BF2A982071374F0091DFA7 /* Sources */,
				84BF2A992071374F0091DFA7 /* Frameworks */,
				84BF2A9A2071374F0091DFA7 /* Resources */,
			);
			buildRules = (
			);
			dependencies = (
			);
			name = UITabBarController;
			productName = UITabBarController;
			productReference = 84BF2A9C2071374F0091DFA7 /* UITabBarController.app */;
			productType = "com.apple.product-type.application";
		};
/* End PBXNativeTarget section */

/* Begin PBXProject section */
		84BF2A942071374F0091DFA7 /* Project object */ = {
			isa = PBXProject;
			attributes = {
				LastUpgradeCheck = 0830;
				ORGANIZATIONNAME = "周建宏";
				TargetAttributes = {
					84BF2A9B2071374F0091DFA7 = {
						CreatedOnToolsVersion = 8.3.3;
						DevelopmentTeam = HQBXE323KS;
						ProvisioningStyle = Automatic;
					};
				};
			};
			buildConfigurationList = 84BF2A972071374F0091DFA7 /* Build configuration list for PBXProject "UITabBarController" */;
			compatibilityVersion = "Xcode 3.2";
			developmentRegion = English;
			hasScannedForEncodings = 0;
			knownRegions = (
				en,
				Base,
			);
			mainGroup = 84BF2A932071374F0091DFA7;
			productRefGroup = 84BF2A9D2071374F0091DFA7 /* Products */;
			projectDirPath = "";
			projectRoot = "";
			targets = (
				84BF2A9B2071374F0091DFA7 /* UITabBarController */,
			);
		};
/* End PBXProject section */

/* Begin PBXResourcesBuildPhase section */
		84BF2A9A2071374F0091DFA7 /* Resources */ = {
			isa = PBXResourcesBuildPhase;
			buildActionMask = 2147483647;
			files = (
				84BF2AAF2071374F0091DFA7 /* LaunchScreen.storyboard in Resources */,
				84BF2AAC2071374F0091DFA7 /* Assets.xcassets in Resources */,
				84BF2AAA2071374F0091DFA7 /* Main.storyboard in Resources */,
			);
			runOnlyForDeploymentPostprocessing = 0;
		};
/* End PBXResourcesBuildPhase section */

/* Begin PBXSourcesBuildPhase section */
		84BF2A982071374F0091DFA7 /* Sources */ = {
			isa = PBXSourcesBuildPhase;
			buildActionMask = 2147483647;
			files = (
				84BF2AA72071374F0091DFA7 /* ViewController.m in Sources */,
				84BF2AA42071374F0091DFA7 /* AppDelegate.m in Sources */,
				84BF2AA12071374F0091DFA7 /* main.m in Sources */,
			);
			runOnlyForDeploymentPostprocessing = 0;
		};
/* End PBXSourcesBuildPhase section */

/* Begin PBXVariantGroup section */
		84BF2AA82071374F0091DFA7 /* Main.storyboard */ = {
			isa = PBXVariantGroup;
			children = (
				84BF2AA92071374F0091DFA7 /* Base */,
			);
			name = Main.storyboard;
			sourceTree = "<group>";
		};
		84BF2AAD2071374F0091DFA7 /* LaunchScreen.storyboard */ = {
			isa = PBXVariantGroup;
			children = (
				84BF2AAE2071374F0091DFA7 /* Base */,
			);
			name = LaunchScreen.storyboard;
			sourceTree = "<group>";
		};
/* End PBXVariantGroup section */

/* Begin XCBuildConfiguration section */
		84BF2AB12071374F0091DFA7 /* Debug */ = {
			isa = XCBuildConfiguration;
			buildSettings = {
				ALWAYS_SEARCH_USER_PATHS = NO;
				CLANG_ANALYZER_NONNULL = YES;
				CLANG_ANALYZER_NUMBER_OBJECT_CONVERSION = YES_AGGRESSIVE;
				CLANG_CXX_LANGUAGE_STANDARD = "gnu++0x";
				CLANG_CXX_LIBRARY = "libc++";
				CLANG_ENABLE_MODULES = YES;
				CLANG_ENABLE_OBJC_ARC = YES;
				CLANG_WARN_BOOL_CONVERSION = YES;
				CLANG_WARN_CONSTANT_CONVERSION = YES;
				CLANG_WARN_DIRECT_OBJC_ISA_USAGE = YES_ERROR;
				CLANG_WARN_DOCUMENTATION_COMMENTS = YES;
				CLANG_WARN_EMPTY_BODY = YES;
				CLANG_WARN_ENUM_CONVERSION = YES;
				CLANG_WARN_INFINITE_RECURSION = YES;
				CLANG_WARN_INT_CONVERSION = YES;
				CLANG_WARN_OBJC_ROOT_CLASS = YES_ERROR;
				CLANG_WARN_SUSPICIOUS_MOVE = YES;
				CLANG_WARN_UNREACHABLE_CODE = YES;
				CLANG_WARN__DUPLICATE_METHOD_MATCH = YES;
				"CODE_SIGN_IDENTITY[sdk=iphoneos*]" = "iPhone Developer";
				COPY_PHASE_STRIP = NO;
				DEBUG_INFORMATION_FORMAT = dwarf;
				ENABLE_STRICT_OBJC_MSGSEND = YES;
				ENABLE_TESTABILITY = YES;
				GCC_C_LANGUAGE_STANDARD = gnu99;
				GCC_DYNAMIC_NO_PIC = NO;
				GCC_NO_COMMON_BLOCKS = YES;
				GCC_OPTIMIZATION_LEVEL = 0;
				GCC_PREPROCESSOR_DEFINITIONS = (
					"DEBUG=1",
					"$(inherited)",
				);
				GCC_WARN_64_TO_32_BIT_CONVERSION = YES;
				GCC_WARN_ABOUT_RETURN_TYPE = YES_ERROR;
				GCC_WARN_UNDECLARED_SELECTOR = YES;
				GCC_WARN_UNINITIALIZED_AUTOS = YES_AGGRESSIVE;
				GCC_WARN_UNUSED_FUNCTION = YES;
				GCC_WARN_UNUSED_VARIABLE = YES;
				IPHONEOS_DEPLOYMENT_TARGET = 10.3;
				MTL_ENABLE_DEBUG_INFO = YES;
				ONLY_ACTIVE_ARCH = YES;
				SDKROOT = iphoneos;
				TARGETED_DEVICE_FAMILY = "1,2";
			};
			name = Debug;
		};
		84BF2AB22071374F0091DFA7 /* Release */ = {
			isa = XCBuildConfiguration;
			buildSettings = {
				ALWAYS_SEARCH_USER_PATHS = NO;
				CLANG_ANALYZER_NONNULL = YES;
				CLANG_ANALYZER_NUMBER_OBJECT_CONVERSION = YES_AGGRESSIVE;
				CLANG_CXX_LANGUAGE_STANDARD = "gnu++0x";
				CLANG_CXX_LIBRARY = "libc++";
				CLANG_ENABLE_MODULES = YES;
				CLANG_ENABLE_OBJC_ARC = YES;
				CLANG_WARN_BOOL_CONVERSION = YES;
				CLANG_WARN_CONSTANT_CONVERSION = YES;
				CLANG_WARN_DIRECT_OBJC_ISA_USAGE = YES_ERROR;
				CLANG_WARN_DOCUMENTATION_COMMENTS = YES;
				CLANG_WARN_EMPTY_BODY = YES;
				CLANG_WARN_ENUM_CONVERSION = YES;
				CLANG_WARN_INFINITE_RECURSION = YES;
				CLANG_WARN_INT_CONVERSION = YES;
				CLANG_WARN_OBJC_ROOT_CLASS = YES_ERROR;
				CLANG_WARN_SUSPICIOUS_MOVE = YES;
				CLANG_WARN_UNREACHABLE_CODE = YES;
				CLANG_WARN__DUPLICATE_METHOD_MATCH = YES;
				"CODE_SIGN_IDENTITY[sdk=iphoneos*]" = "iPhone Developer";
				COPY_PHASE_STRIP = NO;
				DEBUG_INFORMATION_FORMAT = "dwarf-with-dsym";
				ENABLE_NS_ASSERTIONS = NO;
				ENABLE_STRICT_OBJC_MSGSEND = YES;
				GCC_C_LANGUAGE_STANDARD = gnu99;
				GCC_NO_COMMON_BLOCKS = YES;
				GCC_WARN_64_TO_32_BIT_CONVERSION = YES;
				GCC_WARN_ABOUT_RETURN_TYPE = YES_ERROR;
				GCC_WARN_UNDECLARED_SELECTOR = YES;
				GCC_WARN_UNINITIALIZED_AUTOS = YES_AGGRESSIVE;
				GCC_WARN_UNUSED_FUNCTION = YES;
				GCC_WARN_UNUSED_VARIABLE = YES;
				IPHONEOS_DEPLOYMENT_TARGET = 10.3;
				MTL_ENABLE_DEBUG_INFO = NO;
				SDKROOT = iphoneos;
				TARGETED_DEVICE_FAMILY = "1,2";
				VALIDATE_PRODUCT = YES;
			};
			name = Release;
		};
		84BF2AB42071374F0091DFA7 /* Debug */ = {
			isa = XCBuildConfiguration;
			buildSettings = {
				ASSETCATALOG_COMPILER_APPICON_NAME = AppIcon;
				DEVELOPMENT_TEAM = HQBXE323KS;
				INFOPLIST_FILE = UITabBarController/Info.plist;
				LD_RUNPATH_SEARCH_PATHS = "$(inherited) @executable_path/Frameworks";
				PRODUCT_BUNDLE_IDENTIFIER = com.stevenchou.UITabBarController;
				PRODUCT_NAME = "$(TARGET_NAME)";
			};
			name = Debug;
		};
		84BF2AB52071374F0091DFA7 /* Release */ = {
			isa = XCBuildConfiguration;
			buildSettings = {
				ASSETCATALOG_COMPILER_APPICON_NAME = AppIcon;
				DEVELOPMENT_TEAM = HQBXE323KS;
				INFOPLIST_FILE = UITabBarController/Info.plist;
				LD_RUNPATH_SEARCH_PATHS = "$(inherited) @executable_path/Frameworks";
				PRODUCT_BUNDLE_IDENTIFIER = com.stevenchou.UITabBarController;
				PRODUCT_NAME = "$(TARGET_NAME)";
			};
			name = Release;
		};
/* End XCBuildConfiguration section */

/* Begin XCConfigurationList section */
		84BF2A972071374F0091DFA7 /* Build configuration list for PBXProject "UITabBarController" */ = {
			isa = XCConfigurationList;
			buildConfigurations = (
				84BF2AB12071374F0091DFA7 /* Debug */,
				84BF2AB22071374F0091DFA7 /* Release */,
			);
			defaultConfigurationIsVisible = 0;
			defaultConfigurationName = Release;
		};
		84BF2AB32071374F0091DFA7 /* Build configuration list for PBXNativeTarget "UITabBarController" */ = {
			isa = XCConfigurationList;
			buildConfigurations = (
				84BF2AB42071374F0091DFA7 /* Debug */,
				84BF2AB52071374F0091DFA7 /* Release */,
			);
			defaultConfigurationIsVisible = 0;
		};
/* End XCConfigurationList section */
	};
	rootObject = 84BF2A942071374F0091DFA7 /* Project object */;
}
