// !$*UTF8*$!
{
	archiveVersion = 1;
	classes = {
	};
	objectVersion = 46;
	objects = {

/* Begin PBXBuildFile section */
		8423DE402072833300A6B11A /* main.m in Sources */ = {isa = PBXBuildFile; fileRef = 8423DE3F2072833300A6B11A /* main.m */; };
		8423DE432072833300A6B11A /* AppDelegate.m in Sources */ = {isa = PBXBuildFile; fileRef = 8423DE422072833300A6B11A /* AppDelegate.m */; };
		8423DE462072833300A6B11A /* ViewController.m in Sources */ = {isa = PBXBuildFile; fileRef = 8423DE452072833300A6B11A /* ViewController.m */; };
		8423DE492072833300A6B11A /* Main.storyboard in Resources */ = {isa = PBXBuildFile; fileRef = 8423DE472072833300A6B11A /* Main.storyboard */; };
		8423DE4B2072833300A6B11A /* Assets.xcassets in Resources */ = {isa = PBXBuildFile; fileRef = 8423DE4A2072833300A6B11A /* Assets.xcassets */; };
		8423DE4E2072833300A6B11A /* LaunchScreen.storyboard in Resources */ = {isa = PBXBuildFile; fileRef = 8423DE4C2072833300A6B11A /* LaunchScreen.storyboard */; };
/* End PBXBuildFile section */

/* Begin PBXFileReference section */
		8423DE3B2072833300A6B11A /* UIScrollView.app */ = {isa = PBXFileReference; explicitFileType = wrapper.application; includeInIndex = 0; path = UIScrollView.app; sourceTree = BUILT_PRODUCTS_DIR; };
		8423DE3F2072833300A6B11A /* main.m */ = {isa = PBXFileReference; lastKnownFileType = sourcecode.c.objc; path = main.m; sourceTree = "<group>"; };
		8423DE412072833300A6B11A /* AppDelegate.h */ = {isa = PBXFileReference; lastKnownFileType = sourcecode.c.h; path = AppDelegate.h; sourceTree = "<group>"; };
		8423DE422072833300A6B11A /* AppDelegate.m */ = {isa = PBXFileReference; lastKnownFileType = sourcecode.c.objc; path = AppDelegate.m; sourceTree = "<group>"; };
		8423DE442072833300A6B11A /* ViewController.h */ = {isa = PBXFileReference; lastKnownFileType = sourcecode.c.h; path = ViewController.h; sourceTree = "<group>"; };
		8423DE452072833300A6B11A /* ViewController.m */ = {isa = PBXFileReference; lastKnownFileType = sourcecode.c.objc; path = ViewController.m; sourceTree = "<group>"; };
		8423DE482072833300A6B11A /* Base */ = {isa = PBXFileReference; lastKnownFileType = file.storyboard; name = Base; path = Base.lproj/Main.storyboard; sourceTree = "<group>"; };
		8423DE4A2072833300A6B11A /* Assets.xcassets */ = {isa = PBXFileReference; lastKnownFileType = folder.assetcatalog; path = Assets.xcassets; sourceTree = "<group>"; };
		8423DE4D2072833300A6B11A /* Base */ = {isa = PBXFileReference; lastKnownFileType = file.storyboard; name = Base; path = Base.lproj/LaunchScreen.storyboard; sourceTree = "<group>"; };
		8423DE4F2072833300A6B11A /* Info.plist */ = {isa = PBXFileReference; lastKnownFileType = text.plist.xml; path = Info.plist; sourceTree = "<group>"; };
/* End PBXFileReference section */

/* Begin PBXFrameworksBuildPhase section */
		8423DE382072833300A6B11A /* Frameworks */ = {
			isa = PBXFrameworksBuildPhase;
			buildActionMask = 2147483647;
			files = (
			);
			runOnlyForDeploymentPostprocessing = 0;
		};
/* End PBXFrameworksBuildPhase section */

/* Begin PBXGroup section */
		8423DE322072833300A6B11A = {
			isa = PBXGroup;
			children = (
				8423DE3D2072833300A6B11A /* UIScrollView */,
				8423DE3C2072833300A6B11A /* Products */,
			);
			sourceTree = "<group>";
		};
		8423DE3C2072833300A6B11A /* Products */ = {
			isa = PBXGroup;
			children = (
				8423DE3B2072833300A6B11A /* UIScrollView.app */,
			);
			name = Products;
			sourceTree = "<group>";
		};
		8423DE3D2072833300A6B11A /* UIScrollView */ = {
			isa = PBXGroup;
			children = (
				8423DE412072833300A6B11A /* AppDelegate.h */,
				8423DE422072833300A6B11A /* AppDelegate.m */,
				8423DE442072833300A6B11A /* ViewController.h */,
				8423DE452072833300A6B11A /* ViewController.m */,
				8423DE472072833300A6B11A /* Main.storyboard */,
				8423DE4A2072833300A6B11A /* Assets.xcassets */,
				8423DE4C2072833300A6B11A /* LaunchScreen.storyboard */,
				8423DE4F2072833300A6B11A /* Info.plist */,
				8423DE3E2072833300A6B11A /* Supporting Files */,
			);
			path = UIScrollView;
			sourceTree = "<group>";
		};
		8423DE3E2072833300A6B11A /* Supporting Files */ = {
			isa = PBXGroup;
			children = (
				8423DE3F2072833300A6B11A /* main.m */,
			);
			name = "Supporting Files";
			sourceTree = "<group>";
		};
/* End PBXGroup section */

/* Begin PBXNativeTarget section */
		8423DE3A2072833300A6B11A /* UIScrollView */ = {
			isa = PBXNativeTarget;
			buildConfigurationList = 8423DE522072833300A6B11A /* Build configuration list for PBXNativeTarget "UIScrollView" */;
			buildPhases = (
				8423DE372072833300A6B11A /* Sources */,
				8423DE382072833300A6B11A /* Frameworks */,
				8423DE392072833300A6B11A /* Resources */,
			);
			buildRules = (
			);
			dependencies = (
			);
			name = UIScrollView;
			productName = UIScrollView;
			productReference = 8423DE3B2072833300A6B11A /* UIScrollView.app */;
			productType = "com.apple.product-type.application";
		};
/* End PBXNativeTarget section */

/* Begin PBXProject section */
		8423DE332072833300A6B11A /* Project object */ = {
			isa = PBXProject;
			attributes = {
				LastUpgradeCheck = 0830;
				ORGANIZATIONNAME = "周建宏";
				TargetAttributes = {
					8423DE3A2072833300A6B11A = {
						CreatedOnToolsVersion = 8.3.3;
						DevelopmentTeam = HQBXE323KS;
						ProvisioningStyle = Automatic;
					};
				};
			};
			buildConfigurationList = 8423DE362072833300A6B11A /* Build configuration list for PBXProject "UIScrollView" */;
			compatibilityVersion = "Xcode 3.2";
			developmentRegion = English;
			hasScannedForEncodings = 0;
			knownRegions = (
				en,
				Base,
			);
			mainGroup = 8423DE322072833300A6B11A;
			productRefGroup = 8423DE3C2072833300A6B11A /* Products */;
			projectDirPath = "";
			projectRoot = "";
			targets = (
				8423DE3A2072833300A6B11A /* UIScrollView */,
			);
		};
/* End PBXProject section */

/* Begin PBXResourcesBuildPhase section */
		8423DE392072833300A6B11A /* Resources */ = {
			isa = PBXResourcesBuildPhase;
			buildActionMask = 2147483647;
			files = (
				8423DE4E2072833300A6B11A /* LaunchScreen.storyboard in Resources */,
				8423DE4B2072833300A6B11A /* Assets.xcassets in Resources */,
				8423DE492072833300A6B11A /* Main.storyboard in Resources */,
			);
			runOnlyForDeploymentPostprocessing = 0;
		};
/* End PBXResourcesBuildPhase section */

/* Begin PBXSourcesBuildPhase section */
		8423DE372072833300A6B11A /* Sources */ = {
			isa = PBXSourcesBuildPhase;
			buildActionMask = 2147483647;
			files = (
				8423DE462072833300A6B11A /* ViewController.m in Sources */,
				8423DE432072833300A6B11A /* AppDelegate.m in Sources */,
				8423DE402072833300A6B11A /* main.m in Sources */,
			);
			runOnlyForDeploymentPostprocessing = 0;
		};
/* End PBXSourcesBuildPhase section */

/* Begin PBXVariantGroup section */
		8423DE472072833300A6B11A /* Main.storyboard */ = {
			isa = PBXVariantGroup;
			children = (
				8423DE482072833300A6B11A /* Base */,
			);
			name = Main.storyboard;
			sourceTree = "<group>";
		};
		8423DE4C2072833300A6B11A /* LaunchScreen.storyboard */ = {
			isa = PBXVariantGroup;
			children = (
				8423DE4D2072833300A6B11A /* Base */,
			);
			name = LaunchScreen.storyboard;
			sourceTree = "<group>";
		};
/* End PBXVariantGroup section */

/* Begin XCBuildConfiguration section */
		8423DE502072833300A6B11A /* Debug */ = {
			isa = XCBuildConfiguration;
			buildSettings = {
				ALWAYS_SEARCH_USER_PATHS = NO;
				CLANG_ANALYZER_NONNULL = YES;
				CLANG_ANALYZER_NUMBER_OBJECT_CONVERSION = YES_AGGRESSIVE;
				CLANG_CXX_LANGUAGE_STANDARD = "gnu++0x";
				CLANG_CXX_LIBRARY = "libc++";
				CLANG_ENABLE_MODULES = YES;
				CLANG_ENABLE_OBJC_ARC = YES;
				CLANG_WARN_BOOL_CONVERSION = YES;
				CLANG_WARN_CONSTANT_CONVERSION = YES;
				CLANG_WARN_DIRECT_OBJC_ISA_USAGE = YES_ERROR;
				CLANG_WARN_DOCUMENTATION_COMMENTS = YES;
				CLANG_WARN_EMPTY_BODY = YES;
				CLANG_WARN_ENUM_CONVERSION = YES;
				CLANG_WARN_INFINITE_RECURSION = YES;
				CLANG_WARN_INT_CONVERSION = YES;
				CLANG_WARN_OBJC_ROOT_CLASS = YES_ERROR;
				CLANG_WARN_SUSPICIOUS_MOVE = YES;
				CLANG_WARN_UNREACHABLE_CODE = YES;
				CLANG_WARN__DUPLICATE_METHOD_MATCH = YES;
				"CODE_SIGN_IDENTITY[sdk=iphoneos*]" = "iPhone Developer";
				COPY_PHASE_STRIP = NO;
				DEBUG_INFORMATION_FORMAT = dwarf;
				ENABLE_STRICT_OBJC_MSGSEND = YES;
				ENABLE_TESTABILITY = YES;
				GCC_C_LANGUAGE_STANDARD = gnu99;
				GCC_DYNAMIC_NO_PIC = NO;
				GCC_NO_COMMON_BLOCKS = YES;
				GCC_OPTIMIZATION_LEVEL = 0;
				GCC_PREPROCESSOR_DEFINITIONS = (
					"DEBUG=1",
					"$(inherited)",
				);
				GCC_WARN_64_TO_32_BIT_CONVERSION = YES;
				GCC_WARN_ABOUT_RETURN_TYPE = YES_ERROR;
				GCC_WARN_UNDECLARED_SELECTOR = YES;
				GCC_WARN_UNINITIALIZED_AUTOS = YES_AGGRESSIVE;
				GCC_WARN_UNUSED_FUNCTION = YES;
				GCC_WARN_UNUSED_VARIABLE = YES;
				IPHONEOS_DEPLOYMENT_TARGET = 10.3;
				MTL_ENABLE_DEBUG_INFO = YES;
				ONLY_ACTIVE_ARCH = YES;
				SDKROOT = iphoneos;
				TARGETED_DEVICE_FAMILY = "1,2";
			};
			name = Debug;
		};
		8423DE512072833300A6B11A /* Release */ = {
			isa = XCBuildConfiguration;
			buildSettings = {
				ALWAYS_SEARCH_USER_PATHS = NO;
				CLANG_ANALYZER_NONNULL = YES;
				CLANG_ANALYZER_NUMBER_OBJECT_CONVERSION = YES_AGGRESSIVE;
				CLANG_CXX_LANGUAGE_STANDARD = "gnu++0x";
				CLANG_CXX_LIBRARY = "libc++";
				CLANG_ENABLE_MODULES = YES;
				CLANG_ENABLE_OBJC_ARC = YES;
				CLANG_WARN_BOOL_CONVERSION = YES;
				CLANG_WARN_CONSTANT_CONVERSION = YES;
				CLANG_WARN_DIRECT_OBJC_ISA_USAGE = YES_ERROR;
				CLANG_WARN_DOCUMENTATION_COMMENTS = YES;
				CLANG_WARN_EMPTY_BODY = YES;
				CLANG_WARN_ENUM_CONVERSION = YES;
				CLANG_WARN_INFINITE_RECURSION = YES;
				CLANG_WARN_INT_CONVERSION = YES;
				CLANG_WARN_OBJC_ROOT_CLASS = YES_ERROR;
				CLANG_WARN_SUSPICIOUS_MOVE = YES;
				CLANG_WARN_UNREACHABLE_CODE = YES;
				CLANG_WARN__DUPLICATE_METHOD_MATCH = YES;
				"CODE_SIGN_IDENTITY[sdk=iphoneos*]" = "iPhone Developer";
				COPY_PHASE_STRIP = NO;
				DEBUG_INFORMATION_FORMAT = "dwarf-with-dsym";
				ENABLE_NS_ASSERTIONS = NO;
				ENABLE_STRICT_OBJC_MSGSEND = YES;
				GCC_C_LANGUAGE_STANDARD = gnu99;
				GCC_NO_COMMON_BLOCKS = YES;
				GCC_WARN_64_TO_32_BIT_CONVERSION = YES;
				GCC_WARN_ABOUT_RETURN_TYPE = YES_ERROR;
				GCC_WARN_UNDECLARED_SELECTOR = YES;
				GCC_WARN_UNINITIALIZED_AUTOS = YES_AGGRESSIVE;
				GCC_WARN_UNUSED_FUNCTION = YES;
				GCC_WARN_UNUSED_VARIABLE = YES;
				IPHONEOS_DEPLOYMENT_TARGET = 10.3;
				MTL_ENABLE_DEBUG_INFO = NO;
				SDKROOT = iphoneos;
				TARGETED_DEVICE_FAMILY = "1,2";
				VALIDATE_PRODUCT = YES;
			};
			name = Release;
		};
		8423DE532072833300A6B11A /* Debug */ = {
			isa = XCBuildConfiguration;
			buildSettings = {
				ASSETCATALOG_COMPILER_APPICON_NAME = AppIcon;
				DEVELOPMENT_TEAM = HQBXE323KS;
				INFOPLIST_FILE = UIScrollView/Info.plist;
				LD_RUNPATH_SEARCH_PATHS = "$(inherited) @executable_path/Frameworks";
				PRODUCT_BUNDLE_IDENTIFIER = com.stevenchou.UIScrollView;
				PRODUCT_NAME = "$(TARGET_NAME)";
			};
			name = Debug;
		};
		8423DE542072833300A6B11A /* Release */ = {
			isa = XCBuildConfiguration;
			buildSettings = {
				ASSETCATALOG_COMPILER_APPICON_NAME = AppIcon;
				DEVELOPMENT_TEAM = HQBXE323KS;
				INFOPLIST_FILE = UIScrollView/Info.plist;
				LD_RUNPATH_SEARCH_PATHS = "$(inherited) @executable_path/Frameworks";
				PRODUCT_BUNDLE_IDENTIFIER = com.stevenchou.UIScrollView;
				PRODUCT_NAME = "$(TARGET_NAME)";
			};
			name = Release;
		};
/* End XCBuildConfiguration section */

/* Begin XCConfigurationList section */
		8423DE362072833300A6B11A /* Build configuration list for PBXProject "UIScrollView" */ = {
			isa = XCConfigurationList;
			buildConfigurations = (
				8423DE502072833300A6B11A /* Debug */,
				8423DE512072833300A6B11A /* Release */,
			);
			defaultConfigurationIsVisible = 0;
			defaultConfigurationName = Release;
		};
		8423DE522072833300A6B11A /* Build configuration list for PBXNativeTarget "UIScrollView" */ = {
			isa = XCConfigurationList;
			buildConfigurations = (
				8423DE532072833300A6B11A /* Debug */,
				8423DE542072833300A6B11A /* Release */,
			);
			defaultConfigurationIsVisible = 0;
		};
/* End XCConfigurationList section */
	};
	rootObject = 8423DE332072833300A6B11A /* Project object */;
}
